
Microsoft Visual Studio Solution File, Format Version 12.00
# Visual Studio Version 17
VisualStudioVersion = 17.1.32407.343
MinimumVisualStudioVersion = 10.0.40219.1
Project("{FAE04EC0-301F-11D3-BF4B-00C04F79EFBC}") = "InheritanceMiniProject", "InheritanceMiniProject\InheritanceMiniProject.csproj", "{EAAF12B9-90C9-411E-989E-A4104848E182}"
EndProject
Global
	GlobalSection(SolutionConfigurationPlatforms) = preSolution
		Debug|Any CPU = Debug|Any CPU
		Release|Any CPU = Release|Any CPU
	EndGlobalSection
	GlobalSection(ProjectConfigurationPlatforms) = postSolution
		{EAAF12B9-90C9-411E-989E-A4104848E182}.Debug|Any CPU.ActiveCfg = Debug|Any CPU
		{EAAF12B9-90C9-411E-989E-A4104848E182}.Debug|Any CPU.Build.0 = Debug|Any CPU
		{EAAF12B9-90C9-411E-989E-A4104848E182}.Release|Any CPU.ActiveCfg = Release|Any CPU
		{EAAF12B9-90C9-411E-989E-A4104848E182}.Release|Any CPU.Build.0 = Release|Any CPU
	EndGlobalSection
	GlobalSection(SolutionProperties) = preSolution
		HideSolutionNode = FALSE
	EndGlobalSection
	GlobalSection(ExtensibilityGlobals) = postSolution
		SolutionGuid = {45D2B016-543F-4EC4-8A12-F116040F663B}
	EndGlobalSection
EndGlobal
